
Microsoft Visual Studio Solution File, Format Version 12.00
# Visual Studio Version 17
VisualStudioVersion = 17.7.34031.279
MinimumVisualStudioVersion = 10.0.40219.1
Project("{9A19103F-16F7-4668-BE54-9A1E7A4F7556}") = "MysBotSDK", "MysBotSDK\MysBotSDK.csproj", "{B6E64737-BC3D-4930-A6CD-6B624B033F7E}"
EndProject
Project("{9A19103F-16F7-4668-BE54-9A1E7A4F7556}") = "MihoyoBBS_Bot", "MihoyoBBS_Bot\MihoyoBBS_Bot.csproj", "{1A65D8BA-8604-460F-B50F-A0417ADD855C}"
EndProject
Project("{9A19103F-16F7-4668-BE54-9A1E7A4F7556}") = "TestConnectMihoyoBBS_Bot_Callback", "TestConnectMihoyoBBS_Bot_Callback\TestConnectMihoyoBBS_Bot_Callback.csproj", "{8624A27E-6913-47EF-9298-A1EC99362BB8}"
EndProject
Global
	GlobalSection(SolutionConfigurationPlatforms) = preSolution
		Debug|Any CPU = Debug|Any CPU
		Release|Any CPU = Release|Any CPU
	EndGlobalSection
	GlobalSection(ProjectConfigurationPlatforms) = postSolution
		{B6E64737-BC3D-4930-A6CD-6B624B033F7E}.Debug|Any CPU.ActiveCfg = Debug|Any CPU
		{B6E64737-BC3D-4930-A6CD-6B624B033F7E}.Debug|Any CPU.Build.0 = Debug|Any CPU
		{B6E64737-BC3D-4930-A6CD-6B624B033F7E}.Release|Any CPU.ActiveCfg = Release|Any CPU
		{B6E64737-BC3D-4930-A6CD-6B624B033F7E}.Release|Any CPU.Build.0 = Release|Any CPU
		{1A65D8BA-8604-460F-B50F-A0417ADD855C}.Debug|Any CPU.ActiveCfg = Debug|Any CPU
		{1A65D8BA-8604-460F-B50F-A0417ADD855C}.Debug|Any CPU.Build.0 = Debug|Any CPU
		{1A65D8BA-8604-460F-B50F-A0417ADD855C}.Release|Any CPU.ActiveCfg = Release|Any CPU
		{1A65D8BA-8604-460F-B50F-A0417ADD855C}.Release|Any CPU.Build.0 = Release|Any CPU
		{8624A27E-6913-47EF-9298-A1EC99362BB8}.Debug|Any CPU.ActiveCfg = Debug|Any CPU
		{8624A27E-6913-47EF-9298-A1EC99362BB8}.Debug|Any CPU.Build.0 = Debug|Any CPU
		{8624A27E-6913-47EF-9298-A1EC99362BB8}.Release|Any CPU.ActiveCfg = Release|Any CPU
		{8624A27E-6913-47EF-9298-A1EC99362BB8}.Release|Any CPU.Build.0 = Release|Any CPU
	EndGlobalSection
	GlobalSection(SolutionProperties) = preSolution
		HideSolutionNode = FALSE
	EndGlobalSection
	GlobalSection(ExtensibilityGlobals) = postSolution
		SolutionGuid = {38301ABF-57F8-485C-B771-08935987388F}
	EndGlobalSection
EndGlobal
